// !$*UTF8*$!
{
	archiveVersion = 1;
	classes = {
	};
	objectVersion = 56;
	objects = {

/* Begin PBXBuildFile section */
		8444EF162C2C9D1600117EB1 /* RepresentEnum.swift in Sources */ = {isa = PBXBuildFile; fileRef = 8444EF152C2C9D1600117EB1 /* RepresentEnum.swift */; };
		844A45B72C3033E5002DA123 /* SafeSubset.swift in Sources */ = {isa = PBXBuildFile; fileRef = 844A45B62C3033E5002DA123 /* SafeSubset.swift */; };
		84966A8F2C2C1BE40046D2A9 /* WorkdownApp.swift in Sources */ = {isa = PBXBuildFile; fileRef = 84966A8E2C2C1BE40046D2A9 /* WorkdownApp.swift */; };
		84966A912C2C1BE40046D2A9 /* ContentView.swift in Sources */ = {isa = PBXBuildFile; fileRef = 84966A902C2C1BE40046D2A9 /* ContentView.swift */; };
		84966A932C2C1BE60046D2A9 /* Assets.xcassets in Resources */ = {isa = PBXBuildFile; fileRef = 84966A922C2C1BE60046D2A9 /* Assets.xcassets */; };
		84966A962C2C1BE60046D2A9 /* Preview Assets.xcassets in Resources */ = {isa = PBXBuildFile; fileRef = 84966A952C2C1BE60046D2A9 /* Preview Assets.xcassets */; };
		84966A9E2C2C1C060046D2A9 /* Models.swift in Sources */ = {isa = PBXBuildFile; fileRef = 84966A9D2C2C1C060046D2A9 /* Models.swift */; };
		84966AA12C2C1C220046D2A9 /* ExerciseView.swift in Sources */ = {isa = PBXBuildFile; fileRef = 84966AA02C2C1C220046D2A9 /* ExerciseView.swift */; };
		84966AA42C2C1C540046D2A9 /* RoundedBarProgressView.swift in Sources */ = {isa = PBXBuildFile; fileRef = 84966AA32C2C1C540046D2A9 /* RoundedBarProgressView.swift */; };
		84966AA62C2C1D170046D2A9 /* WorkoutsList.swift in Sources */ = {isa = PBXBuildFile; fileRef = 84966AA52C2C1D170046D2A9 /* WorkoutsList.swift */; };
		84966AA82C2C1D400046D2A9 /* WorkoutCycleManager.swift in Sources */ = {isa = PBXBuildFile; fileRef = 84966AA72C2C1D400046D2A9 /* WorkoutCycleManager.swift */; };
		84966AAA2C2C1D790046D2A9 /* WorkoutDetailView.swift in Sources */ = {isa = PBXBuildFile; fileRef = 84966AA92C2C1D790046D2A9 /* WorkoutDetailView.swift */; };
		84ABEBC02C2C374800BA49BD /* DateCalculator.swift in Sources */ = {isa = PBXBuildFile; fileRef = 84ABEBBF2C2C374800BA49BD /* DateCalculator.swift */; };
		84ABEBC22C2C3D8900BA49BD /* SampleData.swift in Sources */ = {isa = PBXBuildFile; fileRef = 84ABEBC12C2C3D8900BA49BD /* SampleData.swift */; };
/* End PBXBuildFile section */

/* Begin PBXFileReference section */
		8444EF152C2C9D1600117EB1 /* RepresentEnum.swift */ = {isa = PBXFileReference; lastKnownFileType = sourcecode.swift; path = RepresentEnum.swift; sourceTree = "<group>"; };
		844A45B62C3033E5002DA123 /* SafeSubset.swift */ = {isa = PBXFileReference; lastKnownFileType = sourcecode.swift; path = SafeSubset.swift; sourceTree = "<group>"; };
		84966A8B2C2C1BE40046D2A9 /* Workdown.app */ = {isa = PBXFileReference; explicitFileType = wrapper.application; includeInIndex = 0; path = Workdown.app; sourceTree = BUILT_PRODUCTS_DIR; };
		84966A8E2C2C1BE40046D2A9 /* WorkdownApp.swift */ = {isa = PBXFileReference; lastKnownFileType = sourcecode.swift; path = WorkdownApp.swift; sourceTree = "<group>"; };
		84966A902C2C1BE40046D2A9 /* ContentView.swift */ = {isa = PBXFileReference; lastKnownFileType = sourcecode.swift; path = ContentView.swift; sourceTree = "<group>"; };
		84966A922C2C1BE60046D2A9 /* Assets.xcassets */ = {isa = PBXFileReference; lastKnownFileType = folder.assetcatalog; path = Assets.xcassets; sourceTree = "<group>"; };
		84966A952C2C1BE60046D2A9 /* Preview Assets.xcassets */ = {isa = PBXFileReference; lastKnownFileType = folder.assetcatalog; path = "Preview Assets.xcassets"; sourceTree = "<group>"; };
		84966A9D2C2C1C060046D2A9 /* Models.swift */ = {isa = PBXFileReference; lastKnownFileType = sourcecode.swift; path = Models.swift; sourceTree = "<group>"; };
		84966AA02C2C1C220046D2A9 /* ExerciseView.swift */ = {isa = PBXFileReference; lastKnownFileType = sourcecode.swift; path = ExerciseView.swift; sourceTree = "<group>"; };
		84966AA32C2C1C540046D2A9 /* RoundedBarProgressView.swift */ = {isa = PBXFileReference; lastKnownFileType = sourcecode.swift; path = RoundedBarProgressView.swift; sourceTree = "<group>"; };
		84966AA52C2C1D170046D2A9 /* WorkoutsList.swift */ = {isa = PBXFileReference; lastKnownFileType = sourcecode.swift; path = WorkoutsList.swift; sourceTree = "<group>"; };
		84966AA72C2C1D400046D2A9 /* WorkoutCycleManager.swift */ = {isa = PBXFileReference; lastKnownFileType = sourcecode.swift; path = WorkoutCycleManager.swift; sourceTree = "<group>"; };
		84966AA92C2C1D790046D2A9 /* WorkoutDetailView.swift */ = {isa = PBXFileReference; lastKnownFileType = sourcecode.swift; path = WorkoutDetailView.swift; sourceTree = "<group>"; };
		84ABEBBF2C2C374800BA49BD /* DateCalculator.swift */ = {isa = PBXFileReference; lastKnownFileType = sourcecode.swift; path = DateCalculator.swift; sourceTree = "<group>"; };
		84ABEBC12C2C3D8900BA49BD /* SampleData.swift */ = {isa = PBXFileReference; lastKnownFileType = sourcecode.swift; path = SampleData.swift; sourceTree = "<group>"; };
/* End PBXFileReference section */

/* Begin PBXFrameworksBuildPhase section */
		84966A882C2C1BE40046D2A9 /* Frameworks */ = {
			isa = PBXFrameworksBuildPhase;
			buildActionMask = 2147483647;
			files = (
			);
			runOnlyForDeploymentPostprocessing = 0;
		};
/* End PBXFrameworksBuildPhase section */

/* Begin PBXGroup section */
		84966A822C2C1BE40046D2A9 = {
			isa = PBXGroup;
			children = (
				84966A8D2C2C1BE40046D2A9 /* Workdown */,
				84966A8C2C2C1BE40046D2A9 /* Products */,
			);
			sourceTree = "<group>";
		};
		84966A8C2C2C1BE40046D2A9 /* Products */ = {
			isa = PBXGroup;
			children = (
				84966A8B2C2C1BE40046D2A9 /* Workdown.app */,
			);
			name = Products;
			sourceTree = "<group>";
		};
		84966A8D2C2C1BE40046D2A9 /* Workdown */ = {
			isa = PBXGroup;
			children = (
				84966AA22C2C1C440046D2A9 /* Helpers */,
				84966A9F2C2C1C180046D2A9 /* View */,
				84966A9C2C2C1BF50046D2A9 /* Model */,
				84966A8E2C2C1BE40046D2A9 /* WorkdownApp.swift */,
				84966A902C2C1BE40046D2A9 /* ContentView.swift */,
				84966A922C2C1BE60046D2A9 /* Assets.xcassets */,
				84966A942C2C1BE60046D2A9 /* Preview Content */,
			);
			path = Workdown;
			sourceTree = "<group>";
		};
		84966A942C2C1BE60046D2A9 /* Preview Content */ = {
			isa = PBXGroup;
			children = (
				84966A952C2C1BE60046D2A9 /* Preview Assets.xcassets */,
			);
			path = "Preview Content";
			sourceTree = "<group>";
		};
		84966A9C2C2C1BF50046D2A9 /* Model */ = {
			isa = PBXGroup;
			children = (
				84966A9D2C2C1C060046D2A9 /* Models.swift */,
			);
			path = Model;
			sourceTree = "<group>";
		};
		84966A9F2C2C1C180046D2A9 /* View */ = {
			isa = PBXGroup;
			children = (
				84966AA02C2C1C220046D2A9 /* ExerciseView.swift */,
				84966AA52C2C1D170046D2A9 /* WorkoutsList.swift */,
				84966AA92C2C1D790046D2A9 /* WorkoutDetailView.swift */,
			);
			path = View;
			sourceTree = "<group>";
		};
		84966AA22C2C1C440046D2A9 /* Helpers */ = {
			isa = PBXGroup;
			children = (
				84966AA32C2C1C540046D2A9 /* RoundedBarProgressView.swift */,
				84966AA72C2C1D400046D2A9 /* WorkoutCycleManager.swift */,
				84ABEBBF2C2C374800BA49BD /* DateCalculator.swift */,
				84ABEBC12C2C3D8900BA49BD /* SampleData.swift */,
				8444EF152C2C9D1600117EB1 /* RepresentEnum.swift */,
				844A45B62C3033E5002DA123 /* SafeSubset.swift */,
			);
			path = Helpers;
			sourceTree = "<group>";
		};
/* End PBXGroup section */

/* Begin PBXNativeTarget section */
		84966A8A2C2C1BE40046D2A9 /* Workdown */ = {
			isa = PBXNativeTarget;
			buildConfigurationList = 84966A992C2C1BE60046D2A9 /* Build configuration list for PBXNativeTarget "Workdown" */;
			buildPhases = (
				84966A872C2C1BE40046D2A9 /* Sources */,
				84966A882C2C1BE40046D2A9 /* Frameworks */,
				84966A892C2C1BE40046D2A9 /* Resources */,
			);
			buildRules = (
			);
			dependencies = (
			);
			name = Workdown;
			productName = Workdown;
			productReference = 84966A8B2C2C1BE40046D2A9 /* Workdown.app */;
			productType = "com.apple.product-type.application";
		};
/* End PBXNativeTarget section */

/* Begin PBXProject section */
		84966A832C2C1BE40046D2A9 /* Project object */ = {
			isa = PBXProject;
			attributes = {
				BuildIndependentTargetsInParallel = 1;
				LastSwiftUpdateCheck = 1540;
				LastUpgradeCheck = 1540;
				TargetAttributes = {
					84966A8A2C2C1BE40046D2A9 = {
						CreatedOnToolsVersion = 15.4;
					};
				};
			};
			buildConfigurationList = 84966A862C2C1BE40046D2A9 /* Build configuration list for PBXProject "Workdown" */;
			compatibilityVersion = "Xcode 14.0";
			developmentRegion = en;
			hasScannedForEncodings = 0;
			knownRegions = (
				en,
				Base,
			);
			mainGroup = 84966A822C2C1BE40046D2A9;
			productRefGroup = 84966A8C2C2C1BE40046D2A9 /* Products */;
			projectDirPath = "";
			projectRoot = "";
			targets = (
				84966A8A2C2C1BE40046D2A9 /* Workdown */,
			);
		};
/* End PBXProject section */

/* Begin PBXResourcesBuildPhase section */
		84966A892C2C1BE40046D2A9 /* Resources */ = {
			isa = PBXResourcesBuildPhase;
			buildActionMask = 2147483647;
			files = (
				84966A962C2C1BE60046D2A9 /* Preview Assets.xcassets in Resources */,
				84966A932C2C1BE60046D2A9 /* Assets.xcassets in Resources */,
			);
			runOnlyForDeploymentPostprocessing = 0;
		};
/* End PBXResourcesBuildPhase section */

/* Begin PBXSourcesBuildPhase section */
		84966A872C2C1BE40046D2A9 /* Sources */ = {
			isa = PBXSourcesBuildPhase;
			buildActionMask = 2147483647;
			files = (
				84966AA12C2C1C220046D2A9 /* ExerciseView.swift in Sources */,
				84966A9E2C2C1C060046D2A9 /* Models.swift in Sources */,
				84966A912C2C1BE40046D2A9 /* ContentView.swift in Sources */,
				84ABEBC22C2C3D8900BA49BD /* SampleData.swift in Sources */,
				844A45B72C3033E5002DA123 /* SafeSubset.swift in Sources */,
				84ABEBC02C2C374800BA49BD /* DateCalculator.swift in Sources */,
				84966AAA2C2C1D790046D2A9 /* WorkoutDetailView.swift in Sources */,
				8444EF162C2C9D1600117EB1 /* RepresentEnum.swift in Sources */,
				84966AA42C2C1C540046D2A9 /* RoundedBarProgressView.swift in Sources */,
				84966A8F2C2C1BE40046D2A9 /* WorkdownApp.swift in Sources */,
				84966AA62C2C1D170046D2A9 /* WorkoutsList.swift in Sources */,
				84966AA82C2C1D400046D2A9 /* WorkoutCycleManager.swift in Sources */,
			);
			runOnlyForDeploymentPostprocessing = 0;
		};
/* End PBXSourcesBuildPhase section */

/* Begin XCBuildConfiguration section */
		84966A972C2C1BE60046D2A9 /* Debug */ = {
			isa = XCBuildConfiguration;
			buildSettings = {
				ALWAYS_SEARCH_USER_PATHS = NO;
				ASSETCATALOG_COMPILER_GENERATE_SWIFT_ASSET_SYMBOL_EXTENSIONS = YES;
				CLANG_ANALYZER_NONNULL = YES;
				CLANG_ANALYZER_NUMBER_OBJECT_CONVERSION = YES_AGGRESSIVE;
				CLANG_CXX_LANGUAGE_STANDARD = "gnu++20";
				CLANG_ENABLE_MODULES = YES;
				CLANG_ENABLE_OBJC_ARC = YES;
				CLANG_ENABLE_OBJC_WEAK = YES;
				CLANG_WARN_BLOCK_CAPTURE_AUTORELEASING = YES;
				CLANG_WARN_BOOL_CONVERSION = YES;
				CLANG_WARN_COMMA = YES;
				CLANG_WARN_CONSTANT_CONVERSION = YES;
				CLANG_WARN_DEPRECATED_OBJC_IMPLEMENTATIONS = YES;
				CLANG_WARN_DIRECT_OBJC_ISA_USAGE = YES_ERROR;
				CLANG_WARN_DOCUMENTATION_COMMENTS = YES;
				CLANG_WARN_EMPTY_BODY = YES;
				CLANG_WARN_ENUM_CONVERSION = YES;
				CLANG_WARN_INFINITE_RECURSION = YES;
				CLANG_WARN_INT_CONVERSION = YES;
				CLANG_WARN_NON_LITERAL_NULL_CONVERSION = YES;
				CLANG_WARN_OBJC_IMPLICIT_RETAIN_SELF = YES;
				CLANG_WARN_OBJC_LITERAL_CONVERSION = YES;
				CLANG_WARN_OBJC_ROOT_CLASS = YES_ERROR;
				CLANG_WARN_QUOTED_INCLUDE_IN_FRAMEWORK_HEADER = YES;
				CLANG_WARN_RANGE_LOOP_ANALYSIS = YES;
				CLANG_WARN_STRICT_PROTOTYPES = YES;
				CLANG_WARN_SUSPICIOUS_MOVE = YES;
				CLANG_WARN_UNGUARDED_AVAILABILITY = YES_AGGRESSIVE;
				CLANG_WARN_UNREACHABLE_CODE = YES;
				CLANG_WARN__DUPLICATE_METHOD_MATCH = YES;
				COPY_PHASE_STRIP = NO;
				DEBUG_INFORMATION_FORMAT = dwarf;
				ENABLE_STRICT_OBJC_MSGSEND = YES;
				ENABLE_TESTABILITY = YES;
				ENABLE_USER_SCRIPT_SANDBOXING = YES;
				GCC_C_LANGUAGE_STANDARD = gnu17;
				GCC_DYNAMIC_NO_PIC = NO;
				GCC_NO_COMMON_BLOCKS = YES;
				GCC_OPTIMIZATION_LEVEL = 0;
				GCC_PREPROCESSOR_DEFINITIONS = (
					"DEBUG=1",
					"$(inherited)",
				);
				GCC_WARN_64_TO_32_BIT_CONVERSION = YES;
				GCC_WARN_ABOUT_RETURN_TYPE = YES_ERROR;
				GCC_WARN_UNDECLARED_SELECTOR = YES;
				GCC_WARN_UNINITIALIZED_AUTOS = YES_AGGRESSIVE;
				GCC_WARN_UNUSED_FUNCTION = YES;
				GCC_WARN_UNUSED_VARIABLE = YES;
				IPHONEOS_DEPLOYMENT_TARGET = 17.5;
				LOCALIZATION_PREFERS_STRING_CATALOGS = YES;
				MTL_ENABLE_DEBUG_INFO = INCLUDE_SOURCE;
				MTL_FAST_MATH = YES;
				ONLY_ACTIVE_ARCH = YES;
				SDKROOT = iphoneos;
				SWIFT_ACTIVE_COMPILATION_CONDITIONS = "DEBUG $(inherited)";
				SWIFT_OPTIMIZATION_LEVEL = "-Onone";
			};
			name = Debug;
		};
		84966A982C2C1BE60046D2A9 /* Release */ = {
			isa = XCBuildConfiguration;
			buildSettings = {
				ALWAYS_SEARCH_USER_PATHS = NO;
				ASSETCATALOG_COMPILER_GENERATE_SWIFT_ASSET_SYMBOL_EXTENSIONS = YES;
				CLANG_ANALYZER_NONNULL = YES;
				CLANG_ANALYZER_NUMBER_OBJECT_CONVERSION = YES_AGGRESSIVE;
				CLANG_CXX_LANGUAGE_STANDARD = "gnu++20";
				CLANG_ENABLE_MODULES = YES;
				CLANG_ENABLE_OBJC_ARC = YES;
				CLANG_ENABLE_OBJC_WEAK = YES;
				CLANG_WARN_BLOCK_CAPTURE_AUTORELEASING = YES;
				CLANG_WARN_BOOL_CONVERSION = YES;
				CLANG_WARN_COMMA = YES;
				CLANG_WARN_CONSTANT_CONVERSION = YES;
				CLANG_WARN_DEPRECATED_OBJC_IMPLEMENTATIONS = YES;
				CLANG_WARN_DIRECT_OBJC_ISA_USAGE = YES_ERROR;
				CLANG_WARN_DOCUMENTATION_COMMENTS = YES;
				CLANG_WARN_EMPTY_BODY = YES;
				CLANG_WARN_ENUM_CONVERSION = YES;
				CLANG_WARN_INFINITE_RECURSION = YES;
				CLANG_WARN_INT_CONVERSION = YES;
				CLANG_WARN_NON_LITERAL_NULL_CONVERSION = YES;
				CLANG_WARN_OBJC_IMPLICIT_RETAIN_SELF = YES;
				CLANG_WARN_OBJC_LITERAL_CONVERSION = YES;
				CLANG_WARN_OBJC_ROOT_CLASS = YES_ERROR;
				CLANG_WARN_QUOTED_INCLUDE_IN_FRAMEWORK_HEADER = YES;
				CLANG_WARN_RANGE_LOOP_ANALYSIS = YES;
				CLANG_WARN_STRICT_PROTOTYPES = YES;
				CLANG_WARN_SUSPICIOUS_MOVE = YES;
				CLANG_WARN_UNGUARDED_AVAILABILITY = YES_AGGRESSIVE;
				CLANG_WARN_UNREACHABLE_CODE = YES;
				CLANG_WARN__DUPLICATE_METHOD_MATCH = YES;
				COPY_PHASE_STRIP = NO;
				DEBUG_INFORMATION_FORMAT = "dwarf-with-dsym";
				ENABLE_NS_ASSERTIONS = NO;
				ENABLE_STRICT_OBJC_MSGSEND = YES;
				ENABLE_USER_SCRIPT_SANDBOXING = YES;
				GCC_C_LANGUAGE_STANDARD = gnu17;
				GCC_NO_COMMON_BLOCKS = YES;
				GCC_WARN_64_TO_32_BIT_CONVERSION = YES;
				GCC_WARN_ABOUT_RETURN_TYPE = YES_ERROR;
				GCC_WARN_UNDECLARED_SELECTOR = YES;
				GCC_WARN_UNINITIALIZED_AUTOS = YES_AGGRESSIVE;
				GCC_WARN_UNUSED_FUNCTION = YES;
				GCC_WARN_UNUSED_VARIABLE = YES;
				IPHONEOS_DEPLOYMENT_TARGET = 17.5;
				LOCALIZATION_PREFERS_STRING_CATALOGS = YES;
				MTL_ENABLE_DEBUG_INFO = NO;
				MTL_FAST_MATH = YES;
				SDKROOT = iphoneos;
				SWIFT_COMPILATION_MODE = wholemodule;
				VALIDATE_PRODUCT = YES;
			};
			name = Release;
		};
		84966A9A2C2C1BE60046D2A9 /* Debug */ = {
			isa = XCBuildConfiguration;
			buildSettings = {
				ASSETCATALOG_COMPILER_APPICON_NAME = AppIcon;
				ASSETCATALOG_COMPILER_GLOBAL_ACCENT_COLOR_NAME = AccentColor;
				CODE_SIGN_STYLE = Automatic;
				CURRENT_PROJECT_VERSION = 1;
				DEVELOPMENT_ASSET_PATHS = "\"Workdown/Preview Content\"";
				DEVELOPMENT_TEAM = T9FS95M7FW;
				ENABLE_PREVIEWS = YES;
				GENERATE_INFOPLIST_FILE = YES;
				INFOPLIST_KEY_UIApplicationSceneManifest_Generation = YES;
				INFOPLIST_KEY_UIApplicationSupportsIndirectInputEvents = YES;
				INFOPLIST_KEY_UILaunchScreen_Generation = YES;
				INFOPLIST_KEY_UIStatusBarStyle = "";
				INFOPLIST_KEY_UISupportedInterfaceOrientations = "UIInterfaceOrientationPortrait UIInterfaceOrientationPortraitUpsideDown";
				INFOPLIST_KEY_UISupportedInterfaceOrientations_iPad = "UIInterfaceOrientationLandscapeLeft UIInterfaceOrientationLandscapeRight UIInterfaceOrientationPortrait UIInterfaceOrientationPortraitUpsideDown";
				LD_RUNPATH_SEARCH_PATHS = (
					"$(inherited)",
					"@executable_path/Frameworks",
				);
				MARKETING_VERSION = 1.0;
				PRODUCT_BUNDLE_IDENTIFIER = paraversal.Workdown;
				PRODUCT_NAME = "$(TARGET_NAME)";
				SUPPORTED_PLATFORMS = "iphoneos iphonesimulator";
				SUPPORTS_MACCATALYST = NO;
				SUPPORTS_MAC_DESIGNED_FOR_IPHONE_IPAD = NO;
				SUPPORTS_XR_DESIGNED_FOR_IPHONE_IPAD = NO;
				SWIFT_EMIT_LOC_STRINGS = YES;
				SWIFT_VERSION = 5.0;
				TARGETED_DEVICE_FAMILY = 1;
			};
			name = Debug;
		};
		84966A9B2C2C1BE60046D2A9 /* Release */ = {
			isa = XCBuildConfiguration;
			buildSettings = {
				ASSETCATALOG_COMPILER_APPICON_NAME = AppIcon;
				ASSETCATALOG_COMPILER_GLOBAL_ACCENT_COLOR_NAME = AccentColor;
				CODE_SIGN_STYLE = Automatic;
				CURRENT_PROJECT_VERSION = 1;
				DEVELOPMENT_ASSET_PATHS = "\"Workdown/Preview Content\"";
				DEVELOPMENT_TEAM = T9FS95M7FW;
				ENABLE_PREVIEWS = YES;
				GENERATE_INFOPLIST_FILE = YES;
				INFOPLIST_KEY_UIApplicationSceneManifest_Generation = YES;
				INFOPLIST_KEY_UIApplicationSupportsIndirectInputEvents = YES;
				INFOPLIST_KEY_UILaunchScreen_Generation = YES;
				INFOPLIST_KEY_UIStatusBarStyle = "";
				INFOPLIST_KEY_UISupportedInterfaceOrientations = "UIInterfaceOrientationPortrait UIInterfaceOrientationPortraitUpsideDown";
				INFOPLIST_KEY_UISupportedInterfaceOrientations_iPad = "UIInterfaceOrientationLandscapeLeft UIInterfaceOrientationLandscapeRight UIInterfaceOrientationPortrait UIInterfaceOrientationPortraitUpsideDown";
				LD_RUNPATH_SEARCH_PATHS = (
					"$(inherited)",
					"@executable_path/Frameworks",
				);
				MARKETING_VERSION = 1.0;
				PRODUCT_BUNDLE_IDENTIFIER = paraversal.Workdown;
				PRODUCT_NAME = "$(TARGET_NAME)";
				SUPPORTED_PLATFORMS = "iphoneos iphonesimulator";
				SUPPORTS_MACCATALYST = NO;
				SUPPORTS_MAC_DESIGNED_FOR_IPHONE_IPAD = NO;
				SUPPORTS_XR_DESIGNED_FOR_IPHONE_IPAD = NO;
				SWIFT_EMIT_LOC_STRINGS = YES;
				SWIFT_VERSION = 5.0;
				TARGETED_DEVICE_FAMILY = 1;
			};
			name = Release;
		};
/* End XCBuildConfiguration section */

/* Begin XCConfigurationList section */
		84966A862C2C1BE40046D2A9 /* Build configuration list for PBXProject "Workdown" */ = {
			isa = XCConfigurationList;
			buildConfigurations = (
				84966A972C2C1BE60046D2A9 /* Debug */,
				84966A982C2C1BE60046D2A9 /* Release */,
			);
			defaultConfigurationIsVisible = 0;
			defaultConfigurationName = Release;
		};
		84966A992C2C1BE60046D2A9 /* Build configuration list for PBXNativeTarget "Workdown" */ = {
			isa = XCConfigurationList;
			buildConfigurations = (
				84966A9A2C2C1BE60046D2A9 /* Debug */,
				84966A9B2C2C1BE60046D2A9 /* Release */,
			);
			defaultConfigurationIsVisible = 0;
			defaultConfigurationName = Release;
		};
/* End XCConfigurationList section */
	};
	rootObject = 84966A832C2C1BE40046D2A9 /* Project object */;
}
